
Microsoft Visual Studio Solution File, Format Version 12.00
# Visual Studio 15
VisualStudioVersion = 15.0.28010.2003
MinimumVisualStudioVersion = 10.0.40219.1
Project("{FAE04EC0-301F-11D3-BF4B-00C04F79EFBC}") = "JAnet_ALlison_PHotography", "JAnet_ALlison_PHotography\JAnet_ALlison_PHotography.csproj", "{E5883AF6-A40C-433C-93A6-6C524E07DCCC}"
EndProject
Global
	GlobalSection(SolutionConfigurationPlatforms) = preSolution
		Debug|Any CPU = Debug|Any CPU
		Release|Any CPU = Release|Any CPU
	EndGlobalSection
	GlobalSection(ProjectConfigurationPlatforms) = postSolution
		{E5883AF6-A40C-433C-93A6-6C524E07DCCC}.Debug|Any CPU.ActiveCfg = Debug|Any CPU
		{E5883AF6-A40C-433C-93A6-6C524E07DCCC}.Debug|Any CPU.Build.0 = Debug|Any CPU
		{E5883AF6-A40C-433C-93A6-6C524E07DCCC}.Release|Any CPU.ActiveCfg = Release|Any CPU
		{E5883AF6-A40C-433C-93A6-6C524E07DCCC}.Release|Any CPU.Build.0 = Release|Any CPU
	EndGlobalSection
	GlobalSection(SolutionProperties) = preSolution
		HideSolutionNode = FALSE
	EndGlobalSection
	GlobalSection(ExtensibilityGlobals) = postSolution
		SolutionGuid = {386AEB8A-5DF2-4F3F-9730-9B493DF1A366}
	EndGlobalSection
EndGlobal
